<?xml version="1.0" encoding="utf-8"?>
<Project ToolsVersion="4.0" xmlns="http://schemas.microsoft.com/developer/msbuild/2003">
  <ItemGroup>
    <Filter Include="Resource Files">
      <UniqueIdentifier>{67DA6AB6-F800-4c08-8B7A-83BB121AAD01}</UniqueIdentifier>
      <Extensions>rc;ico;cur;bmp;dlg;rc2;rct;bin;rgs;gif;jpg;jpeg;jpe;resx;tiff;tif;png;wav;mfcribbon-ms</Extensions>
    </Filter>
  </ItemGroup>
  <ItemGroup>
    <ClCompile Include="main.cpp" />
    <ClCompile Include="Shader.cpp" />
    <ClCompile Include="SimplexNoise.cpp" />
    <ClCompile Include="Utilities.cpp" />
    <ClCompile Include="VCApplication.cpp" />
    <ClCompile Include="VCBlock.cpp" />
    <ClCompile Include="VCCamera.cpp" />
    <ClCompile Include="VCChunk.cpp" />
    <ClCompile Include="VCChunkGenerator.cpp" />
    <ClCompile Include="VCGame.cpp" />
    <ClCompile Include="VCGameObject.cpp" />
    <ClCompile Include="VCGLRenderer.cpp" />
    <ClCompile Include="VCInput.cpp" />
    <ClCompile Include="VCInspectorWindow.cpp" />
    <ClCompile Include="VCMarshalableObject.cpp" />
    <ClCompile Include="VCMonoRuntime.cpp" />
    <ClCompile Include="VCObjectStore.cpp" />
    <ClCompile Include="VCSceneGraph.cpp" />
    <ClCompile Include="VCTestShader.cpp" />
    <ClCompile Include="VCTime.cpp" />
    <ClCompile Include="VCUpdateManager.cpp" />
    <ClCompile Include="VCVoxelShader.cpp" />
    <ClCompile Include="VCWindow.cpp" />
    <ClCompile Include="VCWorld.cpp" />
  </ItemGroup>
  <ItemGroup>
    <ClInclude Include="PCH.h" />
    <ClInclude Include="Shader.h" />
    <ClInclude Include="SimplexNoise.h" />
    <ClInclude Include="Utilities.h" />
    <ClInclude Include="VCApplication.h" />
    <ClInclude Include="VCBlock.h" />
    <ClInclude Include="VCCamera.h" />
    <ClInclude Include="VCChunk.h" />
    <ClInclude Include="VCChunkGenerator.h" />
    <ClInclude Include="VCGame.h" />
    <ClInclude Include="VCGameObject.h" />
    <ClInclude Include="VCGLRenderer.h" />
    <ClInclude Include="VCInput.h" />
    <ClInclude Include="VCInspectorWindow.h" />
    <ClInclude Include="VCMarshalableObject.h" />
    <ClInclude Include="VCMonoRuntime.h" />
    <ClInclude Include="VCObjectStore.h" />
    <ClInclude Include="VCSceneGraph.h" />
    <ClInclude Include="VCTestShader.h" />
    <ClInclude Include="VCTime.h" />
    <ClInclude Include="VCTypes.h" />
    <ClInclude Include="VCUpdateManager.h" />
    <ClInclude Include="VCVoxelShader.h" />
    <ClInclude Include="VCWindow.h" />
    <ClInclude Include="VCWorld.h" />
    <ClInclude Include="PathUtil.h" />
  </ItemGroup>
</Project>