<?xml version="1.0" encoding="utf-8"?>
<Project ToolsVersion="4.0" xmlns="http://schemas.microsoft.com/developer/msbuild/2003">
  <ItemGroup>
    <Filter Include="Resource Files">
      <UniqueIdentifier>{67DA6AB6-F800-4c08-8B7A-83BB121AAD01}</UniqueIdentifier>
      <Extensions>rc;ico;cur;bmp;dlg;rc2;rct;bin;rgs;gif;jpg;jpeg;jpe;resx;tiff;tif;png;wav;mfcribbon-ms</Extensions>
    </Filter>
    <Filter Include="Interop">
      <UniqueIdentifier>{9b453e35-3f82-4f08-b1a7-f09fdd60c4bc}</UniqueIdentifier>
    </Filter>
    <Filter Include="Rendering">
      <UniqueIdentifier>{c44598e0-68ab-477d-8d7c-00542c87cbef}</UniqueIdentifier>
    </Filter>
    <Filter Include="Voxel">
      <UniqueIdentifier>{f829b96c-767c-44a2-a526-ed87b9c6fcf5}</UniqueIdentifier>
    </Filter>
    <Filter Include="SceneGraph">
      <UniqueIdentifier>{ada57d0a-d225-4e52-8801-1f8d340ff401}</UniqueIdentifier>
    </Filter>
    <Filter Include="Application">
      <UniqueIdentifier>{20c2a628-9ed7-4cbc-9001-80f0a7f48f79}</UniqueIdentifier>
    </Filter>
    <Filter Include="Utils">
      <UniqueIdentifier>{8d7eb228-33a9-4cb4-a7c4-88d16fe110ed}</UniqueIdentifier>
    </Filter>
    <Filter Include="Rendering\Shaders">
      <UniqueIdentifier>{ac229e08-9747-44bb-870d-61f676a21aeb}</UniqueIdentifier>
    </Filter>
    <Filter Include="Physics">
      <UniqueIdentifier>{2906427e-bd57-46fd-81b4-d57f91b6c78b}</UniqueIdentifier>
    </Filter>
    <Filter Include="Rendering\State">
      <UniqueIdentifier>{61e4bee6-7293-4e56-a940-58a6fbe89a14}</UniqueIdentifier>
    </Filter>
    <Filter Include="GUI">
      <UniqueIdentifier>{928e8ea0-798d-4273-9023-bff7442d1e67}</UniqueIdentifier>
    </Filter>
    <Filter Include="GUI\Text">
      <UniqueIdentifier>{bd54c50f-9576-481c-bb72-4428380f39cb}</UniqueIdentifier>
    </Filter>
    <Filter Include="Voxel\Noise">
      <UniqueIdentifier>{d5dd541d-60af-4766-82e0-9fbd2bdf063d}</UniqueIdentifier>
    </Filter>
    <Filter Include="Voxel\Generators">
      <UniqueIdentifier>{76418fe0-57d0-4d09-acac-9d38fd8e733f}</UniqueIdentifier>
    </Filter>
    <Filter Include="Utils\VCTypes">
      <UniqueIdentifier>{7ed08fd1-52d3-4b9c-8f41-5e1495619670}</UniqueIdentifier>
    </Filter>
    <Filter Include="GLResources">
      <UniqueIdentifier>{0d0056bb-e13a-435f-811a-6a5b33463a2f}</UniqueIdentifier>
    </Filter>
    <Filter Include="Resources">
      <UniqueIdentifier>{2715d72e-70ad-498d-bbcc-a59487741603}</UniqueIdentifier>
    </Filter>
    <Filter Include="Utils\Templates">
      <UniqueIdentifier>{6fbee781-1eb3-4f68-9d98-2ac7bb8c33d2}</UniqueIdentifier>
    </Filter>
  </ItemGroup>
  <ItemGroup>
    <ClCompile Include="SimplexNoise.cpp">
      <Filter>Voxel</Filter>
    </ClCompile>
    <ClCompile Include="VCBlock.cpp">
      <Filter>Voxel</Filter>
    </ClCompile>
    <ClCompile Include="VCChunk.cpp">
      <Filter>Voxel</Filter>
    </ClCompile>
    <ClCompile Include="VCWorld.cpp">
      <Filter>Voxel</Filter>
    </ClCompile>
    <ClCompile Include="VCCamera.cpp">
      <Filter>SceneGraph</Filter>
    </ClCompile>
    <ClCompile Include="VCGameObject.cpp">
      <Filter>SceneGraph</Filter>
    </ClCompile>
    <ClCompile Include="VCSceneGraph.cpp">
      <Filter>SceneGraph</Filter>
    </ClCompile>
    <ClCompile Include="VCGLRenderer.cpp">
      <Filter>Rendering</Filter>
    </ClCompile>
    <ClCompile Include="VCMarshalableObject.cpp">
      <Filter>Interop</Filter>
    </ClCompile>
    <ClCompile Include="VCMonoRuntime.cpp">
      <Filter>Interop</Filter>
    </ClCompile>
    <ClCompile Include="VCObjectStore.cpp">
      <Filter>Interop</Filter>
    </ClCompile>
    <ClCompile Include="VCUpdateManager.cpp">
      <Filter>Interop</Filter>
    </ClCompile>
    <ClCompile Include="main.cpp">
      <Filter>Application</Filter>
    </ClCompile>
    <ClCompile Include="VCApplication.cpp">
      <Filter>Application</Filter>
    </ClCompile>
    <ClCompile Include="VCWindow.cpp">
      <Filter>Application</Filter>
    </ClCompile>
    <ClCompile Include="VCTime.cpp">
      <Filter>Utils</Filter>
    </ClCompile>
    <ClCompile Include="VCInput.cpp">
      <Filter>Application</Filter>
    </ClCompile>
    <ClCompile Include="Shader.cpp">
      <Filter>Rendering\Shaders</Filter>
    </ClCompile>
    <ClCompile Include="VCVoxelShader.cpp">
      <Filter>Rendering\Shaders</Filter>
    </ClCompile>
    <ClCompile Include="VCShadowShader.cpp">
      <Filter>Rendering\Shaders</Filter>
    </ClCompile>
    <ClCompile Include="VCTextureShader.cpp">
      <Filter>Rendering\Shaders</Filter>
    </ClCompile>
    <ClCompile Include="VCPhysics.cpp">
      <Filter>Physics</Filter>
    </ClCompile>
    <ClCompile Include="VCFont.cpp">
      <Filter>GUI\Text</Filter>
    </ClCompile>
    <ClCompile Include="VCLexicalEngine.cpp">
      <Filter>GUI\Text</Filter>
    </ClCompile>
    <ClCompile Include="VCLexShader.cpp">
      <Filter>Rendering\Shaders</Filter>
    </ClCompile>
    <ClCompile Include="VCGui.cpp">
      <Filter>GUI</Filter>
    </ClCompile>
    <ClCompile Include="VCGuiShader.cpp">
      <Filter>Rendering\Shaders</Filter>
    </ClCompile>
    <ClCompile Include="VCNoise2D.cpp">
      <Filter>Voxel\Noise</Filter>
    </ClCompile>
    <ClCompile Include="VCColorPassThroughShader.cpp">
      <Filter>Rendering\Shaders</Filter>
    </ClCompile>
    <ClCompile Include="VCDebug.cpp">
      <Filter>Utils</Filter>
    </ClCompile>
    <ClCompile Include="VCFlatGenerator.cpp">
      <Filter>Voxel\Generators</Filter>
    </ClCompile>
    <ClCompile Include="VCNoiseGenerator.cpp">
      <Filter>Voxel\Generators</Filter>
    </ClCompile>
    <ClCompile Include="VCMonoMethod.cpp">
      <Filter>Interop</Filter>
    </ClCompile>
    <ClCompile Include="VCMonoString.cpp">
      <Filter>Interop</Filter>
    </ClCompile>
    <ClCompile Include="stdafx.cpp">
      <Filter>Utils</Filter>
    </ClCompile>
    <ClCompile Include="VCStreamHelpers.cpp">
      <Filter>Utils</Filter>
    </ClCompile>
    <ClCompile Include="VCUtilities.cpp">
      <Filter>Utils</Filter>
    </ClCompile>
    <ClCompile Include="VCRenderState.cpp">
      <Filter>Rendering\State</Filter>
    </ClCompile>
    <ClCompile Include="VCRenderStage.cpp">
      <Filter>Rendering\State</Filter>
    </ClCompile>
    <ClCompile Include="VCGLXByteX.cpp">
      <Filter>Utils\VCTypes</Filter>
    </ClCompile>
    <ClCompile Include="VCGLXShortX.cpp">
      <Filter>Utils\VCTypes</Filter>
    </ClCompile>
    <ClCompile Include="VCGeometryTypes.cpp">
      <Filter>Utils\VCTypes</Filter>
    </ClCompile>
    <ClCompile Include="VCGLFloatX.cpp">
      <Filter>Utils\VCTypes</Filter>
    </ClCompile>
    <ClCompile Include="VCXIntX.cpp">
      <Filter>Utils\VCTypes</Filter>
    </ClCompile>
    <ClCompile Include="VCTextBuilder.cpp">
      <Filter>GUI</Filter>
    </ClCompile>
    <ClCompile Include="VCGeometryBuilder.cpp">
      <Filter>GUI</Filter>
    </ClCompile>
    <ClCompile Include="VCTypeDefs.cpp">
      <Filter>Utils\VCTypes</Filter>
    </ClCompile>
    <ClCompile Include="VCTextBuffer.cpp">
      <Filter>GUI\Text</Filter>
    </ClCompile>
    <ClCompile Include="VCTexture.cpp">
      <Filter>Resources</Filter>
    </ClCompile>
    <ClCompile Include="VCCollection.cpp">
      <Filter>Utils\Templates</Filter>
    </ClCompile>
    <ClCompile Include="VCPoolableResource.cpp">
      <Filter>Resources</Filter>
    </ClCompile>
  </ItemGroup>
  <ItemGroup>
    <ClInclude Include="SimplexNoise.h">
      <Filter>Voxel</Filter>
    </ClInclude>
    <ClInclude Include="VCBlock.h">
      <Filter>Voxel</Filter>
    </ClInclude>
    <ClInclude Include="VCChunk.h">
      <Filter>Voxel</Filter>
    </ClInclude>
    <ClInclude Include="VCWorld.h">
      <Filter>Voxel</Filter>
    </ClInclude>
    <ClInclude Include="VCCamera.h">
      <Filter>SceneGraph</Filter>
    </ClInclude>
    <ClInclude Include="VCGameObject.h">
      <Filter>SceneGraph</Filter>
    </ClInclude>
    <ClInclude Include="VCSceneGraph.h">
      <Filter>SceneGraph</Filter>
    </ClInclude>
    <ClInclude Include="VCGLRenderer.h">
      <Filter>Rendering</Filter>
    </ClInclude>
    <ClInclude Include="VCMarshalableObject.h">
      <Filter>Interop</Filter>
    </ClInclude>
    <ClInclude Include="VCMonoRuntime.h">
      <Filter>Interop</Filter>
    </ClInclude>
    <ClInclude Include="VCObjectStore.h">
      <Filter>Interop</Filter>
    </ClInclude>
    <ClInclude Include="VCUpdateManager.h">
      <Filter>Interop</Filter>
    </ClInclude>
    <ClInclude Include="VCApplication.h">
      <Filter>Application</Filter>
    </ClInclude>
    <ClInclude Include="VCWindow.h">
      <Filter>Application</Filter>
    </ClInclude>
    <ClInclude Include="PathUtil.h">
      <Filter>Utils</Filter>
    </ClInclude>
    <ClInclude Include="VCTime.h">
      <Filter>Utils</Filter>
    </ClInclude>
    <ClInclude Include="VCInput.h">
      <Filter>Application</Filter>
    </ClInclude>
    <ClInclude Include="Shader.h">
      <Filter>Rendering\Shaders</Filter>
    </ClInclude>
    <ClInclude Include="VCVoxelShader.h">
      <Filter>Rendering\Shaders</Filter>
    </ClInclude>
    <ClInclude Include="resource.h" />
    <ClInclude Include="VCTextureShader.h">
      <Filter>Rendering\Shaders</Filter>
    </ClInclude>
    <ClInclude Include="VCShadowShader.h">
      <Filter>Rendering\Shaders</Filter>
    </ClInclude>
    <ClInclude Include="VCPhysics.h">
      <Filter>Physics</Filter>
    </ClInclude>
    <ClInclude Include="VCFont.h">
      <Filter>GUI\Text</Filter>
    </ClInclude>
    <ClInclude Include="VCLexicalEngine.h">
      <Filter>GUI\Text</Filter>
    </ClInclude>
    <ClInclude Include="VCLexShader.h">
      <Filter>Rendering\Shaders</Filter>
    </ClInclude>
    <ClInclude Include="VCRenderState.h">
      <Filter>Rendering\State</Filter>
    </ClInclude>
    <ClInclude Include="VCRenderStage.h">
      <Filter>Rendering\State</Filter>
    </ClInclude>
    <ClInclude Include="VCIRenderable.h">
      <Filter>Rendering\State</Filter>
    </ClInclude>
    <ClInclude Include="VCGui.h">
      <Filter>GUI</Filter>
    </ClInclude>
    <ClInclude Include="VCGuiShader.h">
      <Filter>Rendering\Shaders</Filter>
    </ClInclude>
    <ClInclude Include="VCMonoMethod.h">
      <Filter>Interop</Filter>
    </ClInclude>
    <ClInclude Include="VCNoise2D.h">
      <Filter>Voxel\Noise</Filter>
    </ClInclude>
    <ClInclude Include="VCColorPassThroughShader.h">
      <Filter>Rendering\Shaders</Filter>
    </ClInclude>
    <ClInclude Include="VCDebug.h">
      <Filter>Utils</Filter>
    </ClInclude>
    <ClInclude Include="VCIChunkGenerator.h">
      <Filter>Voxel\Generators</Filter>
    </ClInclude>
    <ClInclude Include="VCFlatGenerator.h">
      <Filter>Voxel\Generators</Filter>
    </ClInclude>
    <ClInclude Include="VCNoiseGenerator.h">
      <Filter>Voxel\Generators</Filter>
    </ClInclude>
    <ClInclude Include="VCGeometryBuilder.h">
      <Filter>GUI</Filter>
    </ClInclude>
    <ClInclude Include="VCTextBuilder.h">
      <Filter>GUI</Filter>
    </ClInclude>
    <ClInclude Include="VCMonoString.h">
      <Filter>Interop</Filter>
    </ClInclude>
    <ClInclude Include="stdafx.h">
      <Filter>Utils</Filter>
    </ClInclude>
    <ClInclude Include="VCStreamHelpers.h">
      <Filter>Utils</Filter>
    </ClInclude>
    <ClInclude Include="VCUtilities.h">
      <Filter>Utils</Filter>
    </ClInclude>
    <ClInclude Include="VCMacros.h">
      <Filter>Utils</Filter>
    </ClInclude>
    <ClInclude Include="VCConstants.h">
      <Filter>Utils</Filter>
    </ClInclude>
    <ClInclude Include="VCGLXByteX.h">
      <Filter>Utils\VCTypes</Filter>
    </ClInclude>
    <ClInclude Include="VCGLXShortX.h">
      <Filter>Utils\VCTypes</Filter>
    </ClInclude>
    <ClInclude Include="VCGeometryTypes.h">
      <Filter>Utils\VCTypes</Filter>
    </ClInclude>
    <ClInclude Include="VCGLFloatX.h">
      <Filter>Utils\VCTypes</Filter>
    </ClInclude>
    <ClInclude Include="VCXIntX.h">
      <Filter>Utils\VCTypes</Filter>
    </ClInclude>
    <ClInclude Include="VCTypeDefs.h">
      <Filter>Utils\VCTypes</Filter>
    </ClInclude>
    <ClInclude Include="VCTextBuffer.h">
      <Filter>GUI\Text</Filter>
    </ClInclude>
    <ClInclude Include="VCTexture.h">
      <Filter>Resources</Filter>
    </ClInclude>
    <ClInclude Include="VCCollection.h">
      <Filter>Utils\Templates</Filter>
    </ClInclude>
    <ClInclude Include="VCPoolableResource.h">
      <Filter>Resources</Filter>
    </ClInclude>
  </ItemGroup>
  <ItemGroup>
    <ResourceCompile Include="UnManaged.rc">
      <Filter>Resource Files</Filter>
    </ResourceCompile>
  </ItemGroup>
</Project>