<?xml version="1.0" encoding="utf-8"?>
<Project ToolsVersion="4.0" xmlns="http://schemas.microsoft.com/developer/msbuild/2003">
  <ItemGroup>
    <Filter Include="Interop">
      <UniqueIdentifier>{9b453e35-3f82-4f08-b1a7-f09fdd60c4bc}</UniqueIdentifier>
    </Filter>
    <Filter Include="Voxel">
      <UniqueIdentifier>{f829b96c-767c-44a2-a526-ed87b9c6fcf5}</UniqueIdentifier>
    </Filter>
    <Filter Include="SceneGraph">
      <UniqueIdentifier>{ada57d0a-d225-4e52-8801-1f8d340ff401}</UniqueIdentifier>
    </Filter>
    <Filter Include="Application">
      <UniqueIdentifier>{20c2a628-9ed7-4cbc-9001-80f0a7f48f79}</UniqueIdentifier>
    </Filter>
    <Filter Include="Utils">
      <UniqueIdentifier>{8d7eb228-33a9-4cb4-a7c4-88d16fe110ed}</UniqueIdentifier>
    </Filter>
    <Filter Include="Physics">
      <UniqueIdentifier>{2906427e-bd57-46fd-81b4-d57f91b6c78b}</UniqueIdentifier>
    </Filter>
    <Filter Include="GUI">
      <UniqueIdentifier>{928e8ea0-798d-4273-9023-bff7442d1e67}</UniqueIdentifier>
    </Filter>
    <Filter Include="GUI\Text">
      <UniqueIdentifier>{bd54c50f-9576-481c-bb72-4428380f39cb}</UniqueIdentifier>
    </Filter>
    <Filter Include="Voxel\Noise">
      <UniqueIdentifier>{d5dd541d-60af-4766-82e0-9fbd2bdf063d}</UniqueIdentifier>
    </Filter>
    <Filter Include="Voxel\Generators">
      <UniqueIdentifier>{76418fe0-57d0-4d09-acac-9d38fd8e733f}</UniqueIdentifier>
    </Filter>
    <Filter Include="Utils\VCTypes">
      <UniqueIdentifier>{7ed08fd1-52d3-4b9c-8f41-5e1495619670}</UniqueIdentifier>
    </Filter>
    <Filter Include="GLResources">
      <UniqueIdentifier>{0d0056bb-e13a-435f-811a-6a5b33463a2f}</UniqueIdentifier>
    </Filter>
    <Filter Include="Resources">
      <UniqueIdentifier>{2715d72e-70ad-498d-bbcc-a59487741603}</UniqueIdentifier>
    </Filter>
    <Filter Include="Utils\Templates">
      <UniqueIdentifier>{6fbee781-1eb3-4f68-9d98-2ac7bb8c33d2}</UniqueIdentifier>
    </Filter>
    <Filter Include="Utils\Events">
      <UniqueIdentifier>{7556fd40-2084-4a53-9a6b-575e960494fb}</UniqueIdentifier>
    </Filter>
    <Filter Include="Voxel\SVO">
      <UniqueIdentifier>{e19d7cb4-7193-4664-909d-772bf9f40364}</UniqueIdentifier>
    </Filter>
    <Filter Include="Utils\JSON">
      <UniqueIdentifier>{4219ef5b-a742-40a4-80d1-a1490ecc5c2e}</UniqueIdentifier>
    </Filter>
    <Filter Include="Project Resource Files">
      <UniqueIdentifier>{67DA6AB6-F800-4c08-8B7A-83BB121AAD01}</UniqueIdentifier>
      <Extensions>rc;ico;cur;bmp;dlg;rc2;rct;bin;rgs;gif;jpg;jpeg;jpe;resx;tiff;tif;png;wav;mfcribbon-ms</Extensions>
    </Filter>
    <Filter Include="Physics\PhysX">
      <UniqueIdentifier>{e4e90b70-1e14-442d-8c10-f432fe2813ee}</UniqueIdentifier>
    </Filter>
    <Filter Include="ManagedSceneGraph">
      <UniqueIdentifier>{b7001819-4572-4873-8055-17b06c9cfa8c}</UniqueIdentifier>
    </Filter>
    <Filter Include="Rendering">
      <UniqueIdentifier>{c44598e0-68ab-477d-8d7c-00542c87cbef}</UniqueIdentifier>
    </Filter>
    <Filter Include="Rendering\State">
      <UniqueIdentifier>{61e4bee6-7293-4e56-a940-58a6fbe89a14}</UniqueIdentifier>
    </Filter>
    <Filter Include="Rendering\Drawers">
      <UniqueIdentifier>{40fa63a4-fa4e-4b04-b1b1-9f280870f60b}</UniqueIdentifier>
    </Filter>
    <Filter Include="Rendering\OpenGL">
      <UniqueIdentifier>{976ada7e-a6eb-4a5f-88b2-b3713bf8a107}</UniqueIdentifier>
    </Filter>
    <Filter Include="Rendering\Windowing">
      <UniqueIdentifier>{ad3abc32-8c2f-434e-8da0-d9e55e59789a}</UniqueIdentifier>
    </Filter>
  </ItemGroup>
  <ItemGroup>
    <ClCompile Include="SimplexNoise.cpp">
      <Filter>Voxel</Filter>
    </ClCompile>
    <ClCompile Include="VCBlock.cpp">
      <Filter>Voxel</Filter>
    </ClCompile>
    <ClCompile Include="VCChunk.cpp">
      <Filter>Voxel</Filter>
    </ClCompile>
    <ClCompile Include="VCWorld.cpp">
      <Filter>Voxel</Filter>
    </ClCompile>
    <ClCompile Include="VCCamera.cpp">
      <Filter>SceneGraph</Filter>
    </ClCompile>
    <ClCompile Include="VCGLRenderer.cpp">
      <Filter>Rendering</Filter>
    </ClCompile>
    <ClCompile Include="VCMarshalableObject.cpp">
      <Filter>Interop</Filter>
    </ClCompile>
    <ClCompile Include="VCObjectStore.cpp">
      <Filter>Interop</Filter>
    </ClCompile>
    <ClCompile Include="VCUpdateManager.cpp">
      <Filter>Interop</Filter>
    </ClCompile>
    <ClCompile Include="main.cpp">
      <Filter>Application</Filter>
    </ClCompile>
    <ClCompile Include="VCApplication.cpp">
      <Filter>Application</Filter>
    </ClCompile>
    <ClCompile Include="VCWindow.cpp">
      <Filter>Application</Filter>
    </ClCompile>
    <ClCompile Include="VCTime.cpp">
      <Filter>Utils</Filter>
    </ClCompile>
    <ClCompile Include="VCInput.cpp">
      <Filter>Application</Filter>
    </ClCompile>
    <ClCompile Include="VCFont.cpp">
      <Filter>GUI\Text</Filter>
    </ClCompile>
    <ClCompile Include="VCLexicalEngine.cpp">
      <Filter>GUI\Text</Filter>
    </ClCompile>
    <ClCompile Include="VCGui.cpp">
      <Filter>GUI</Filter>
    </ClCompile>
    <ClCompile Include="VCNoise2D.cpp">
      <Filter>Voxel\Noise</Filter>
    </ClCompile>
    <ClCompile Include="VCFlatGenerator.cpp">
      <Filter>Voxel\Generators</Filter>
    </ClCompile>
    <ClCompile Include="VCNoiseGenerator.cpp">
      <Filter>Voxel\Generators</Filter>
    </ClCompile>
    <ClCompile Include="stdafx.cpp">
      <Filter>Utils</Filter>
    </ClCompile>
    <ClCompile Include="VCStreamHelpers.cpp">
      <Filter>Utils</Filter>
    </ClCompile>
    <ClCompile Include="VCUtilities.cpp">
      <Filter>Utils</Filter>
    </ClCompile>
    <ClCompile Include="VCRenderStage.cpp">
      <Filter>Rendering\State</Filter>
    </ClCompile>
    <ClCompile Include="VCGLXByteX.cpp">
      <Filter>Utils\VCTypes</Filter>
    </ClCompile>
    <ClCompile Include="VCGLXShortX.cpp">
      <Filter>Utils\VCTypes</Filter>
    </ClCompile>
    <ClCompile Include="VCGeometryTypes.cpp">
      <Filter>Utils\VCTypes</Filter>
    </ClCompile>
    <ClCompile Include="VCGLFloatX.cpp">
      <Filter>Utils\VCTypes</Filter>
    </ClCompile>
    <ClCompile Include="VCXIntX.cpp">
      <Filter>Utils\VCTypes</Filter>
    </ClCompile>
    <ClCompile Include="VCGeometryBuilder.cpp">
      <Filter>GUI</Filter>
    </ClCompile>
    <ClCompile Include="VCTypeDefs.cpp">
      <Filter>Utils\VCTypes</Filter>
    </ClCompile>
    <ClCompile Include="VCTextBuffer.cpp">
      <Filter>GUI\Text</Filter>
    </ClCompile>
    <ClCompile Include="VCCollection.cpp">
      <Filter>Utils\Templates</Filter>
    </ClCompile>
    <ClCompile Include="VCLineDrawer.cpp">
      <Filter>Rendering\Drawers</Filter>
    </ClCompile>
    <ClCompile Include="VCSparseVoxelOctree.cpp">
      <Filter>Voxel\SVO</Filter>
    </ClCompile>
    <ClCompile Include="VCSvoNode.cpp">
      <Filter>Voxel\SVO</Filter>
    </ClCompile>
    <ClCompile Include="VCSvoNodeBlock.cpp">
      <Filter>Voxel\SVO</Filter>
    </ClCompile>
    <ClCompile Include="VCSvoLeafBlock.cpp">
      <Filter>Voxel\SVO</Filter>
    </ClCompile>
    <ClCompile Include="VC3DLineDrawer.cpp">
      <Filter>Utils</Filter>
    </ClCompile>
    <ClCompile Include="VCImageBuilder.cpp">
      <Filter>GUI</Filter>
    </ClCompile>
    <ClCompile Include="VCImageInstance.cpp">
      <Filter>GUI</Filter>
    </ClCompile>
    <ClCompile Include="VCTextBuilder.cpp">
      <Filter>GUI\Text</Filter>
    </ClCompile>
    <ClCompile Include="VCMesh.cpp">
      <Filter>Resources</Filter>
    </ClCompile>
    <ClCompile Include="json_reader.cpp">
      <Filter>Utils\JSON</Filter>
    </ClCompile>
    <ClCompile Include="json_value.cpp">
      <Filter>Utils\JSON</Filter>
    </ClCompile>
    <ClCompile Include="json_writer.cpp">
      <Filter>Utils\JSON</Filter>
    </ClCompile>
    <ClCompile Include="VCResourceManager.cpp">
      <Filter>Resources</Filter>
    </ClCompile>
    <ClCompile Include="VCPathUtilities.cpp">
      <Filter>Utils</Filter>
    </ClCompile>
    <ClCompile Include="VCMaterial.cpp">
      <Filter>Resources</Filter>
    </ClCompile>
    <ClCompile Include="VCShadeTypes.cpp">
      <Filter>Resources</Filter>
    </ClCompile>
    <ClCompile Include="VCModel.cpp">
      <Filter>Resources</Filter>
    </ClCompile>
    <ClCompile Include="VCRenderWindow.cpp">
      <Filter>ManagedSceneGraph</Filter>
    </ClCompile>
    <ClCompile Include="VCEntity.cpp">
      <Filter>ManagedSceneGraph</Filter>
    </ClCompile>
    <ClCompile Include="VCMarshaledGameObject.cpp">
      <Filter>SceneGraph</Filter>
    </ClCompile>
    <ClCompile Include="VCPxPhysics.cpp">
      <Filter>Physics\PhysX</Filter>
    </ClCompile>
    <ClCompile Include="VCPxScene.cpp">
      <Filter>Physics\PhysX</Filter>
    </ClCompile>
    <ClCompile Include="VCPxMaterial.cpp">
      <Filter>Physics\PhysX</Filter>
    </ClCompile>
    <ClCompile Include="VCPxRigidActor.cpp">
      <Filter>Physics\PhysX</Filter>
    </ClCompile>
    <ClCompile Include="VCPxRigidStatic.cpp">
      <Filter>Physics\PhysX</Filter>
    </ClCompile>
    <ClCompile Include="VCPxRigidDynamic.cpp">
      <Filter>Physics\PhysX</Filter>
    </ClCompile>
    <ClCompile Include="VCPxShape.cpp">
      <Filter>Physics\PhysX</Filter>
    </ClCompile>
    <ClCompile Include="VCGLFrameBuffer.cpp">
      <Filter>Rendering\OpenGL</Filter>
    </ClCompile>
    <ClCompile Include="VCGLTexture.cpp">
      <Filter>Rendering\OpenGL</Filter>
    </ClCompile>
    <ClCompile Include="VCGLShader.cpp">
      <Filter>Rendering\OpenGL</Filter>
    </ClCompile>
    <ClCompile Include="VCGLBuffer.cpp">
      <Filter>Rendering\OpenGL</Filter>
    </ClCompile>
    <ClCompile Include="VCGLTypes.cpp">
      <Filter>Rendering\OpenGL</Filter>
    </ClCompile>
    <ClCompile Include="VCLog.cpp">
      <Filter>Utils</Filter>
    </ClCompile>
    <ClCompile Include="VCFloatX.cpp">
      <Filter>Utils\VCTypes</Filter>
    </ClCompile>
    <ClCompile Include="VCGLWindow.cpp">
      <Filter>Rendering\Windowing</Filter>
    </ClCompile>
  </ItemGroup>
  <ItemGroup>
    <ClInclude Include="SimplexNoise.h">
      <Filter>Voxel</Filter>
    </ClInclude>
    <ClInclude Include="VCBlock.h">
      <Filter>Voxel</Filter>
    </ClInclude>
    <ClInclude Include="VCChunk.h">
      <Filter>Voxel</Filter>
    </ClInclude>
    <ClInclude Include="VCWorld.h">
      <Filter>Voxel</Filter>
    </ClInclude>
    <ClInclude Include="VCCamera.h">
      <Filter>SceneGraph</Filter>
    </ClInclude>
    <ClInclude Include="VCGLRenderer.h">
      <Filter>Rendering</Filter>
    </ClInclude>
    <ClInclude Include="VCMarshalableObject.h">
      <Filter>Interop</Filter>
    </ClInclude>
    <ClInclude Include="VCObjectStore.h">
      <Filter>Interop</Filter>
    </ClInclude>
    <ClInclude Include="VCUpdateManager.h">
      <Filter>Interop</Filter>
    </ClInclude>
    <ClInclude Include="VCApplication.h">
      <Filter>Application</Filter>
    </ClInclude>
    <ClInclude Include="VCWindow.h">
      <Filter>Application</Filter>
    </ClInclude>
    <ClInclude Include="PathUtil.h">
      <Filter>Utils</Filter>
    </ClInclude>
    <ClInclude Include="VCTime.h">
      <Filter>Utils</Filter>
    </ClInclude>
    <ClInclude Include="VCInput.h">
      <Filter>Application</Filter>
    </ClInclude>
    <ClInclude Include="VCFont.h">
      <Filter>GUI\Text</Filter>
    </ClInclude>
    <ClInclude Include="VCLexicalEngine.h">
      <Filter>GUI\Text</Filter>
    </ClInclude>
    <ClInclude Include="VCRenderStage.h">
      <Filter>Rendering\State</Filter>
    </ClInclude>
    <ClInclude Include="VCGui.h">
      <Filter>GUI</Filter>
    </ClInclude>
    <ClInclude Include="VCNoise2D.h">
      <Filter>Voxel\Noise</Filter>
    </ClInclude>
    <ClInclude Include="VCIChunkGenerator.h">
      <Filter>Voxel\Generators</Filter>
    </ClInclude>
    <ClInclude Include="VCFlatGenerator.h">
      <Filter>Voxel\Generators</Filter>
    </ClInclude>
    <ClInclude Include="VCNoiseGenerator.h">
      <Filter>Voxel\Generators</Filter>
    </ClInclude>
    <ClInclude Include="VCGeometryBuilder.h">
      <Filter>GUI</Filter>
    </ClInclude>
    <ClInclude Include="stdafx.h">
      <Filter>Utils</Filter>
    </ClInclude>
    <ClInclude Include="VCStreamHelpers.h">
      <Filter>Utils</Filter>
    </ClInclude>
    <ClInclude Include="VCUtilities.h">
      <Filter>Utils</Filter>
    </ClInclude>
    <ClInclude Include="VCMacros.h">
      <Filter>Utils</Filter>
    </ClInclude>
    <ClInclude Include="VCConstants.h">
      <Filter>Utils</Filter>
    </ClInclude>
    <ClInclude Include="VCGLXByteX.h">
      <Filter>Utils\VCTypes</Filter>
    </ClInclude>
    <ClInclude Include="VCGLXShortX.h">
      <Filter>Utils\VCTypes</Filter>
    </ClInclude>
    <ClInclude Include="VCGeometryTypes.h">
      <Filter>Utils\VCTypes</Filter>
    </ClInclude>
    <ClInclude Include="VCGLFloatX.h">
      <Filter>Utils\VCTypes</Filter>
    </ClInclude>
    <ClInclude Include="VCXIntX.h">
      <Filter>Utils\VCTypes</Filter>
    </ClInclude>
    <ClInclude Include="VCTypeDefs.h">
      <Filter>Utils\VCTypes</Filter>
    </ClInclude>
    <ClInclude Include="VCTextBuffer.h">
      <Filter>GUI\Text</Filter>
    </ClInclude>
    <ClInclude Include="VCCollection.h">
      <Filter>Utils\Templates</Filter>
    </ClInclude>
    <ClInclude Include="delegate.hpp">
      <Filter>Utils\Events</Filter>
    </ClInclude>
    <ClInclude Include="delegate_list.hpp">
      <Filter>Utils\Events</Filter>
    </ClInclude>
    <ClInclude Include="delegate_template.hpp">
      <Filter>Utils\Events</Filter>
    </ClInclude>
    <ClInclude Include="VCLineDrawer.h">
      <Filter>Rendering\Drawers</Filter>
    </ClInclude>
    <ClInclude Include="VCSparseVoxelOctree.h">
      <Filter>Voxel\SVO</Filter>
    </ClInclude>
    <ClInclude Include="VCSvoNode.h">
      <Filter>Voxel\SVO</Filter>
    </ClInclude>
    <ClInclude Include="VCSvoNodeBlock.h">
      <Filter>Voxel\SVO</Filter>
    </ClInclude>
    <ClInclude Include="VCSvoLeafBlock.h">
      <Filter>Voxel\SVO</Filter>
    </ClInclude>
    <ClInclude Include="VC3DLineDrawer.h">
      <Filter>Utils</Filter>
    </ClInclude>
    <ClInclude Include="VCImageBuilder.h">
      <Filter>GUI</Filter>
    </ClInclude>
    <ClInclude Include="VCImageInstance.h">
      <Filter>GUI</Filter>
    </ClInclude>
    <ClInclude Include="VCTextBuilder.h">
      <Filter>GUI\Text</Filter>
    </ClInclude>
    <ClInclude Include="VCMesh.h">
      <Filter>Resources</Filter>
    </ClInclude>
    <ClInclude Include="VCResourceManager.h">
      <Filter>Resources</Filter>
    </ClInclude>
    <ClInclude Include="VCPathUtilities.h">
      <Filter>Utils</Filter>
    </ClInclude>
    <ClInclude Include="VCMaterial.h">
      <Filter>Resources</Filter>
    </ClInclude>
    <ClInclude Include="VCShadeTypes.h">
      <Filter>Resources</Filter>
    </ClInclude>
    <ClInclude Include="VCModel.h">
      <Filter>Resources</Filter>
    </ClInclude>
    <ClInclude Include="VCIRenderable.h">
      <Filter>Rendering</Filter>
    </ClInclude>
    <ClInclude Include="resource.h">
      <Filter>Project Resource Files</Filter>
    </ClInclude>
    <ClInclude Include="VCRenderWindow.h">
      <Filter>ManagedSceneGraph</Filter>
    </ClInclude>
    <ClInclude Include="VCEntity.h">
      <Filter>ManagedSceneGraph</Filter>
    </ClInclude>
    <ClInclude Include="VCMarshaledGameObject.h">
      <Filter>SceneGraph</Filter>
    </ClInclude>
    <ClInclude Include="VCPxPhysics.h">
      <Filter>Physics\PhysX</Filter>
    </ClInclude>
    <ClInclude Include="VCPxScene.h">
      <Filter>Physics\PhysX</Filter>
    </ClInclude>
    <ClInclude Include="VCPxMaterial.h">
      <Filter>Physics\PhysX</Filter>
    </ClInclude>
    <ClInclude Include="VCPxRigidActor.h">
      <Filter>Physics\PhysX</Filter>
    </ClInclude>
    <ClInclude Include="VCPxRigidStatic.h">
      <Filter>Physics\PhysX</Filter>
    </ClInclude>
    <ClInclude Include="VCPxRigidDynamic.h">
      <Filter>Physics\PhysX</Filter>
    </ClInclude>
    <ClInclude Include="VCPxShape.h">
      <Filter>Physics\PhysX</Filter>
    </ClInclude>
    <ClInclude Include="VCGLFrameBuffer.h">
      <Filter>Rendering\OpenGL</Filter>
    </ClInclude>
    <ClInclude Include="VCGLTexture.h">
      <Filter>Rendering\OpenGL</Filter>
    </ClInclude>
    <ClInclude Include="VCGLShader.h">
      <Filter>Rendering\OpenGL</Filter>
    </ClInclude>
    <ClInclude Include="VCGLBuffer.h">
      <Filter>Rendering\OpenGL</Filter>
    </ClInclude>
    <ClInclude Include="VCGLTypes.h">
      <Filter>Rendering\OpenGL</Filter>
    </ClInclude>
    <ClInclude Include="VCLog.h">
      <Filter>Utils</Filter>
    </ClInclude>
    <ClInclude Include="VCFloatX.h">
      <Filter>Utils\VCTypes</Filter>
    </ClInclude>
    <ClInclude Include="VCGLWindow.h">
      <Filter>Rendering\Windowing</Filter>
    </ClInclude>
  </ItemGroup>
  <ItemGroup>
    <ResourceCompile Include="UnManaged.rc">
      <Filter>Project Resource Files</Filter>
    </ResourceCompile>
  </ItemGroup>
</Project>