// !$*UTF8*$!
{
	archiveVersion = 1;
	classes = {
	};
	objectVersion = 46;
	objects = {

/* Begin PBXBuildFile section */
		701AD47217D3B18E00EC8E93 /* OpenGL.framework in Frameworks */ = {isa = PBXBuildFile; fileRef = 701AD47117D3B18E00EC8E93 /* OpenGL.framework */; };
		701AD47417D3B32A00EC8E93 /* libGLEW.dylib in Frameworks */ = {isa = PBXBuildFile; fileRef = 701AD47317D3B32A00EC8E93 /* libGLEW.dylib */; };
		701AD47617D3B33000EC8E93 /* libglfw.dylib in Frameworks */ = {isa = PBXBuildFile; fileRef = 701AD47517D3B33000EC8E93 /* libglfw.dylib */; };
		701AD47817D3B47500EC8E93 /* IOKit.framework in Frameworks */ = {isa = PBXBuildFile; fileRef = 701AD47717D3B47500EC8E93 /* IOKit.framework */; };
		701AD51517D3BD8A00EC8E93 /* libEngine Library.dylib in Frameworks */ = {isa = PBXBuildFile; fileRef = 701AD51417D3BD8A00EC8E93 /* libEngine Library.dylib */; };
		709DA6C017D676A70032909E /* Dark_Off.png in Resources */ = {isa = PBXBuildFile; fileRef = 709DA6BF17D676A70032909E /* Dark_Off.png */; };
		709DA6C217D67BFE0032909E /* Oh-My-Brain-Block-Puzzle-Icon1.png in Resources */ = {isa = PBXBuildFile; fileRef = 709DA6C117D67BFE0032909E /* Oh-My-Brain-Block-Puzzle-Icon1.png */; };
		70C7168617D3AB4800999526 /* Cocoa.framework in Frameworks */ = {isa = PBXBuildFile; fileRef = 70C7168517D3AB4800999526 /* Cocoa.framework */; };
		70C7169017D3AB4800999526 /* InfoPlist.strings in Resources */ = {isa = PBXBuildFile; fileRef = 70C7168E17D3AB4800999526 /* InfoPlist.strings */; };
		70C7169217D3AB4800999526 /* main.m in Sources */ = {isa = PBXBuildFile; fileRef = 70C7169117D3AB4800999526 /* main.m */; };
		70C7169617D3AB4800999526 /* Credits.rtf in Resources */ = {isa = PBXBuildFile; fileRef = 70C7169417D3AB4800999526 /* Credits.rtf */; };
		70C7169917D3AB4800999526 /* AppDelegate.m in Sources */ = {isa = PBXBuildFile; fileRef = 70C7169817D3AB4800999526 /* AppDelegate.m */; };
		70C7169C17D3AB4800999526 /* MainMenu.xib in Resources */ = {isa = PBXBuildFile; fileRef = 70C7169A17D3AB4800999526 /* MainMenu.xib */; };
/* End PBXBuildFile section */

/* Begin PBXFileReference section */
		701AD47117D3B18E00EC8E93 /* OpenGL.framework */ = {isa = PBXFileReference; lastKnownFileType = wrapper.framework; name = OpenGL.framework; path = /System/Library/Frameworks/OpenGL.framework; sourceTree = "<absolute>"; };
		701AD47317D3B32A00EC8E93 /* libGLEW.dylib */ = {isa = PBXFileReference; lastKnownFileType = "compiled.mach-o.dylib"; name = libGLEW.dylib; path = /usr/lib/libGLEW.dylib; sourceTree = "<absolute>"; };
		701AD47517D3B33000EC8E93 /* libglfw.dylib */ = {isa = PBXFileReference; lastKnownFileType = "compiled.mach-o.dylib"; name = libglfw.dylib; path = /usr/local/lib/libglfw.dylib; sourceTree = "<absolute>"; };
		701AD47717D3B47500EC8E93 /* IOKit.framework */ = {isa = PBXFileReference; lastKnownFileType = wrapper.framework; name = IOKit.framework; path = /System/Library/Frameworks/IOKit.framework; sourceTree = "<absolute>"; };
		701AD51417D3BD8A00EC8E93 /* libEngine Library.dylib */ = {isa = PBXFileReference; lastKnownFileType = "compiled.mach-o.dylib"; name = "libEngine Library.dylib"; path = "../../../../../../../Library/Developer/Xcode/DerivedData/VoxelCraftOSX-cmpwplwqvctakcbbzvieyrqihsbf/Build/Products/Debug/libEngine Library.dylib"; sourceTree = "<group>"; };
		709DA6BF17D676A70032909E /* Dark_Off.png */ = {isa = PBXFileReference; lastKnownFileType = image.png; path = Dark_Off.png; sourceTree = "<group>"; };
		709DA6C117D67BFE0032909E /* Oh-My-Brain-Block-Puzzle-Icon1.png */ = {isa = PBXFileReference; lastKnownFileType = image.png; path = "Oh-My-Brain-Block-Puzzle-Icon1.png"; sourceTree = "<group>"; };
		70C7168217D3AB4800999526 /* Editor.app */ = {isa = PBXFileReference; explicitFileType = wrapper.application; includeInIndex = 0; path = Editor.app; sourceTree = BUILT_PRODUCTS_DIR; };
		70C7168517D3AB4800999526 /* Cocoa.framework */ = {isa = PBXFileReference; lastKnownFileType = wrapper.framework; name = Cocoa.framework; path = System/Library/Frameworks/Cocoa.framework; sourceTree = SDKROOT; };
		70C7168817D3AB4800999526 /* AppKit.framework */ = {isa = PBXFileReference; lastKnownFileType = wrapper.framework; name = AppKit.framework; path = System/Library/Frameworks/AppKit.framework; sourceTree = SDKROOT; };
		70C7168917D3AB4800999526 /* CoreData.framework */ = {isa = PBXFileReference; lastKnownFileType = wrapper.framework; name = CoreData.framework; path = System/Library/Frameworks/CoreData.framework; sourceTree = SDKROOT; };
		70C7168A17D3AB4800999526 /* Foundation.framework */ = {isa = PBXFileReference; lastKnownFileType = wrapper.framework; name = Foundation.framework; path = System/Library/Frameworks/Foundation.framework; sourceTree = SDKROOT; };
		70C7168D17D3AB4800999526 /* Editor-Info.plist */ = {isa = PBXFileReference; lastKnownFileType = text.plist.xml; path = "Editor-Info.plist"; sourceTree = "<group>"; };
		70C7168F17D3AB4800999526 /* en */ = {isa = PBXFileReference; lastKnownFileType = text.plist.strings; name = en; path = en.lproj/InfoPlist.strings; sourceTree = "<group>"; };
		70C7169117D3AB4800999526 /* main.m */ = {isa = PBXFileReference; lastKnownFileType = sourcecode.c.objc; path = main.m; sourceTree = "<group>"; };
		70C7169317D3AB4800999526 /* Editor-Prefix.pch */ = {isa = PBXFileReference; lastKnownFileType = sourcecode.c.h; path = "Editor-Prefix.pch"; sourceTree = "<group>"; };
		70C7169517D3AB4800999526 /* en */ = {isa = PBXFileReference; lastKnownFileType = text.rtf; name = en; path = en.lproj/Credits.rtf; sourceTree = "<group>"; };
		70C7169717D3AB4800999526 /* AppDelegate.h */ = {isa = PBXFileReference; lastKnownFileType = sourcecode.c.h; path = AppDelegate.h; sourceTree = "<group>"; };
		70C7169817D3AB4800999526 /* AppDelegate.m */ = {isa = PBXFileReference; lastKnownFileType = sourcecode.c.objc; path = AppDelegate.m; sourceTree = "<group>"; };
		70C7169B17D3AB4800999526 /* en */ = {isa = PBXFileReference; lastKnownFileType = file.xib; name = en; path = en.lproj/MainMenu.xib; sourceTree = "<group>"; };
/* End PBXFileReference section */

/* Begin PBXFrameworksBuildPhase section */
		70C7167F17D3AB4800999526 /* Frameworks */ = {
			isa = PBXFrameworksBuildPhase;
			buildActionMask = 2147483647;
			files = (
				701AD47817D3B47500EC8E93 /* IOKit.framework in Frameworks */,
				701AD47617D3B33000EC8E93 /* libglfw.dylib in Frameworks */,
				701AD47417D3B32A00EC8E93 /* libGLEW.dylib in Frameworks */,
				701AD47217D3B18E00EC8E93 /* OpenGL.framework in Frameworks */,
				70C7168617D3AB4800999526 /* Cocoa.framework in Frameworks */,
				701AD51517D3BD8A00EC8E93 /* libEngine Library.dylib in Frameworks */,
			);
			runOnlyForDeploymentPostprocessing = 0;
		};
/* End PBXFrameworksBuildPhase section */

/* Begin PBXGroup section */
		70C7167917D3AB4800999526 = {
			isa = PBXGroup;
			children = (
				70C7168C17D3AB4800999526 /* Supporting Files */,
				70C7168B17D3AB4800999526 /* Editor */,
				70C7168417D3AB4800999526 /* Frameworks */,
				70C7168317D3AB4800999526 /* Products */,
			);
			sourceTree = "<group>";
		};
		70C7168317D3AB4800999526 /* Products */ = {
			isa = PBXGroup;
			children = (
				70C7168217D3AB4800999526 /* Editor.app */,
			);
			name = Products;
			sourceTree = "<group>";
		};
		70C7168417D3AB4800999526 /* Frameworks */ = {
			isa = PBXGroup;
			children = (
				701AD47717D3B47500EC8E93 /* IOKit.framework */,
				701AD47517D3B33000EC8E93 /* libglfw.dylib */,
				701AD47317D3B32A00EC8E93 /* libGLEW.dylib */,
				701AD51417D3BD8A00EC8E93 /* libEngine Library.dylib */,
				701AD47117D3B18E00EC8E93 /* OpenGL.framework */,
				70C7168517D3AB4800999526 /* Cocoa.framework */,
				70C7168717D3AB4800999526 /* Other Frameworks */,
			);
			name = Frameworks;
			sourceTree = "<group>";
		};
		70C7168717D3AB4800999526 /* Other Frameworks */ = {
			isa = PBXGroup;
			children = (
				70C7168817D3AB4800999526 /* AppKit.framework */,
				70C7168917D3AB4800999526 /* CoreData.framework */,
				70C7168A17D3AB4800999526 /* Foundation.framework */,
			);
			name = "Other Frameworks";
			sourceTree = "<group>";
		};
		70C7168B17D3AB4800999526 /* Editor */ = {
			isa = PBXGroup;
			children = (
				70C7169117D3AB4800999526 /* main.m */,
				70C7169717D3AB4800999526 /* AppDelegate.h */,
				70C7169817D3AB4800999526 /* AppDelegate.m */,
				70C7169A17D3AB4800999526 /* MainMenu.xib */,
			);
			path = Editor;
			sourceTree = "<group>";
		};
		70C7168C17D3AB4800999526 /* Supporting Files */ = {
			isa = PBXGroup;
			children = (
				709DA6C117D67BFE0032909E /* Oh-My-Brain-Block-Puzzle-Icon1.png */,
				709DA6BF17D676A70032909E /* Dark_Off.png */,
				70C7168D17D3AB4800999526 /* Editor-Info.plist */,
				70C7168E17D3AB4800999526 /* InfoPlist.strings */,
				70C7169317D3AB4800999526 /* Editor-Prefix.pch */,
				70C7169417D3AB4800999526 /* Credits.rtf */,
			);
			name = "Supporting Files";
			path = Editor;
			sourceTree = "<group>";
		};
/* End PBXGroup section */

/* Begin PBXNativeTarget section */
		70C7168117D3AB4800999526 /* Editor */ = {
			isa = PBXNativeTarget;
			buildConfigurationList = 70C7169F17D3AB4800999526 /* Build configuration list for PBXNativeTarget "Editor" */;
			buildPhases = (
				70C7167E17D3AB4800999526 /* Sources */,
				70C7167F17D3AB4800999526 /* Frameworks */,
				70C7168017D3AB4800999526 /* Resources */,
			);
			buildRules = (
			);
			dependencies = (
			);
			name = Editor;
			productName = Editor;
			productReference = 70C7168217D3AB4800999526 /* Editor.app */;
			productType = "com.apple.product-type.application";
		};
/* End PBXNativeTarget section */

/* Begin PBXProject section */
		70C7167A17D3AB4800999526 /* Project object */ = {
			isa = PBXProject;
			attributes = {
				LastUpgradeCheck = 0460;
				ORGANIZATIONNAME = "Alec Thilenius";
			};
			buildConfigurationList = 70C7167D17D3AB4800999526 /* Build configuration list for PBXProject "Editor" */;
			compatibilityVersion = "Xcode 3.2";
			developmentRegion = English;
			hasScannedForEncodings = 0;
			knownRegions = (
				en,
			);
			mainGroup = 70C7167917D3AB4800999526;
			productRefGroup = 70C7168317D3AB4800999526 /* Products */;
			projectDirPath = "";
			projectRoot = "";
			targets = (
				70C7168117D3AB4800999526 /* Editor */,
			);
		};
/* End PBXProject section */

/* Begin PBXResourcesBuildPhase section */
		70C7168017D3AB4800999526 /* Resources */ = {
			isa = PBXResourcesBuildPhase;
			buildActionMask = 2147483647;
			files = (
				70C7169017D3AB4800999526 /* InfoPlist.strings in Resources */,
				70C7169617D3AB4800999526 /* Credits.rtf in Resources */,
				70C7169C17D3AB4800999526 /* MainMenu.xib in Resources */,
				709DA6C017D676A70032909E /* Dark_Off.png in Resources */,
				709DA6C217D67BFE0032909E /* Oh-My-Brain-Block-Puzzle-Icon1.png in Resources */,
			);
			runOnlyForDeploymentPostprocessing = 0;
		};
/* End PBXResourcesBuildPhase section */

/* Begin PBXSourcesBuildPhase section */
		70C7167E17D3AB4800999526 /* Sources */ = {
			isa = PBXSourcesBuildPhase;
			buildActionMask = 2147483647;
			files = (
				70C7169217D3AB4800999526 /* main.m in Sources */,
				70C7169917D3AB4800999526 /* AppDelegate.m in Sources */,
			);
			runOnlyForDeploymentPostprocessing = 0;
		};
/* End PBXSourcesBuildPhase section */

/* Begin PBXVariantGroup section */
		70C7168E17D3AB4800999526 /* InfoPlist.strings */ = {
			isa = PBXVariantGroup;
			children = (
				70C7168F17D3AB4800999526 /* en */,
			);
			name = InfoPlist.strings;
			sourceTree = "<group>";
		};
		70C7169417D3AB4800999526 /* Credits.rtf */ = {
			isa = PBXVariantGroup;
			children = (
				70C7169517D3AB4800999526 /* en */,
			);
			name = Credits.rtf;
			sourceTree = "<group>";
		};
		70C7169A17D3AB4800999526 /* MainMenu.xib */ = {
			isa = PBXVariantGroup;
			children = (
				70C7169B17D3AB4800999526 /* en */,
			);
			name = MainMenu.xib;
			sourceTree = "<group>";
		};
/* End PBXVariantGroup section */

/* Begin XCBuildConfiguration section */
		70C7169D17D3AB4800999526 /* Debug */ = {
			isa = XCBuildConfiguration;
			buildSettings = {
				ALWAYS_SEARCH_USER_PATHS = NO;
				ARCHS = "$(ARCHS_STANDARD_64_BIT)";
				CLANG_CXX_LANGUAGE_STANDARD = "gnu++0x";
				CLANG_CXX_LIBRARY = "libc++";
				CLANG_ENABLE_OBJC_ARC = YES;
				CLANG_WARN_CONSTANT_CONVERSION = YES;
				CLANG_WARN_EMPTY_BODY = YES;
				CLANG_WARN_ENUM_CONVERSION = YES;
				CLANG_WARN_INT_CONVERSION = YES;
				CLANG_WARN__DUPLICATE_METHOD_MATCH = YES;
				COPY_PHASE_STRIP = NO;
				GCC_C_LANGUAGE_STANDARD = gnu99;
				GCC_DYNAMIC_NO_PIC = NO;
				GCC_ENABLE_OBJC_EXCEPTIONS = YES;
				GCC_OPTIMIZATION_LEVEL = 0;
				GCC_PREPROCESSOR_DEFINITIONS = (
					"DEBUG=1",
					"$(inherited)",
				);
				GCC_SYMBOLS_PRIVATE_EXTERN = NO;
				GCC_WARN_64_TO_32_BIT_CONVERSION = YES;
				GCC_WARN_ABOUT_RETURN_TYPE = YES;
				GCC_WARN_UNINITIALIZED_AUTOS = YES;
				GCC_WARN_UNUSED_VARIABLE = YES;
				MACOSX_DEPLOYMENT_TARGET = 10.8;
				ONLY_ACTIVE_ARCH = YES;
				SDKROOT = macosx;
			};
			name = Debug;
		};
		70C7169E17D3AB4800999526 /* Release */ = {
			isa = XCBuildConfiguration;
			buildSettings = {
				ALWAYS_SEARCH_USER_PATHS = NO;
				ARCHS = "$(ARCHS_STANDARD_64_BIT)";
				CLANG_CXX_LANGUAGE_STANDARD = "gnu++0x";
				CLANG_CXX_LIBRARY = "libc++";
				CLANG_ENABLE_OBJC_ARC = YES;
				CLANG_WARN_CONSTANT_CONVERSION = YES;
				CLANG_WARN_EMPTY_BODY = YES;
				CLANG_WARN_ENUM_CONVERSION = YES;
				CLANG_WARN_INT_CONVERSION = YES;
				CLANG_WARN__DUPLICATE_METHOD_MATCH = YES;
				COPY_PHASE_STRIP = YES;
				DEBUG_INFORMATION_FORMAT = "dwarf-with-dsym";
				GCC_C_LANGUAGE_STANDARD = gnu99;
				GCC_ENABLE_OBJC_EXCEPTIONS = YES;
				GCC_WARN_64_TO_32_BIT_CONVERSION = YES;
				GCC_WARN_ABOUT_RETURN_TYPE = YES;
				GCC_WARN_UNINITIALIZED_AUTOS = YES;
				GCC_WARN_UNUSED_VARIABLE = YES;
				MACOSX_DEPLOYMENT_TARGET = 10.8;
				SDKROOT = macosx;
			};
			name = Release;
		};
		70C716A017D3AB4800999526 /* Debug */ = {
			isa = XCBuildConfiguration;
			buildSettings = {
				COMBINE_HIDPI_IMAGES = YES;
				GCC_INPUT_FILETYPE = sourcecode.cpp.objcpp;
				GCC_PRECOMPILE_PREFIX_HEADER = YES;
				GCC_PREFIX_HEADER = "Editor/Editor-Prefix.pch";
				HEADER_SEARCH_PATHS = "../../../**";
				INFOPLIST_FILE = "Editor/Editor-Info.plist";
				LIBRARY_SEARCH_PATHS = (
					"../../../**",
					"$(inherited)",
					"\"$(SRCROOT)/../../../../../../../Library/Developer/Xcode/DerivedData/VoxelCraftOSX-cmpwplwqvctakcbbzvieyrqihsbf/Build/Products/Debug\"",
				);
				PRODUCT_NAME = "$(TARGET_NAME)";
				SDKROOT = "";
				WRAPPER_EXTENSION = app;
			};
			name = Debug;
		};
		70C716A117D3AB4800999526 /* Release */ = {
			isa = XCBuildConfiguration;
			buildSettings = {
				COMBINE_HIDPI_IMAGES = YES;
				GCC_INPUT_FILETYPE = sourcecode.cpp.objcpp;
				GCC_PRECOMPILE_PREFIX_HEADER = YES;
				GCC_PREFIX_HEADER = "Editor/Editor-Prefix.pch";
				HEADER_SEARCH_PATHS = "../../../**";
				INFOPLIST_FILE = "Editor/Editor-Info.plist";
				LIBRARY_SEARCH_PATHS = (
					"../../../**",
					"$(inherited)",
					"\"$(SRCROOT)/../../../../../../../Library/Developer/Xcode/DerivedData/VoxelCraftOSX-cmpwplwqvctakcbbzvieyrqihsbf/Build/Products/Debug\"",
				);
				PRODUCT_NAME = "$(TARGET_NAME)";
				SDKROOT = "";
				WRAPPER_EXTENSION = app;
			};
			name = Release;
		};
/* End XCBuildConfiguration section */

/* Begin XCConfigurationList section */
		70C7167D17D3AB4800999526 /* Build configuration list for PBXProject "Editor" */ = {
			isa = XCConfigurationList;
			buildConfigurations = (
				70C7169D17D3AB4800999526 /* Debug */,
				70C7169E17D3AB4800999526 /* Release */,
			);
			defaultConfigurationIsVisible = 0;
			defaultConfigurationName = Release;
		};
		70C7169F17D3AB4800999526 /* Build configuration list for PBXNativeTarget "Editor" */ = {
			isa = XCConfigurationList;
			buildConfigurations = (
				70C716A017D3AB4800999526 /* Debug */,
				70C716A117D3AB4800999526 /* Release */,
			);
			defaultConfigurationIsVisible = 0;
			defaultConfigurationName = Release;
		};
/* End XCConfigurationList section */
	};
	rootObject = 70C7167A17D3AB4800999526 /* Project object */;
}
