<?xml version="1.0" encoding="utf-8"?>
<Project ToolsVersion="4.0" xmlns="http://schemas.microsoft.com/developer/msbuild/2003">
  <ItemGroup>
    <Filter Include="Resource Files">
      <UniqueIdentifier>{67DA6AB6-F800-4c08-8B7A-83BB121AAD01}</UniqueIdentifier>
      <Extensions>rc;ico;cur;bmp;dlg;rc2;rct;bin;rgs;gif;jpg;jpeg;jpe;resx;tiff;tif;png;wav;mfcribbon-ms</Extensions>
    </Filter>
    <Filter Include="UnManagedToManaged">
      <UniqueIdentifier>{f2873a67-ed4a-48b1-80b8-3f7eebe56439}</UniqueIdentifier>
    </Filter>
    <Filter Include="ManagedToUnManaged">
      <UniqueIdentifier>{ebe10f31-65e9-4579-aa27-4065d26c735d}</UniqueIdentifier>
    </Filter>
    <Filter Include="Utilities">
      <UniqueIdentifier>{57262380-ebf6-4d18-bb48-d844fba37433}</UniqueIdentifier>
    </Filter>
  </ItemGroup>
  <ItemGroup>
    <ClInclude Include="resource.h">
      <Filter>Resource Files</Filter>
    </ClInclude>
    <ClInclude Include="UnManagedInvokes.h">
      <Filter>UnManagedToManaged</Filter>
    </ClInclude>
    <ClInclude Include="Stdafx.h">
      <Filter>Utilities</Filter>
    </ClInclude>
    <ClInclude Include="CLInvokes.h">
      <Filter>UnManagedToManaged</Filter>
    </ClInclude>
    <ClInclude Include="CallbackHost.h">
      <Filter>ManagedToUnManaged</Filter>
    </ClInclude>
    <ClInclude Include="ManagedInvoke.h">
      <Filter>ManagedToUnManaged</Filter>
    </ClInclude>
  </ItemGroup>
  <ItemGroup>
    <ClCompile Include="AssemblyInfo.cpp">
      <Filter>Resource Files</Filter>
    </ClCompile>
    <ClCompile Include="UnManagedInvokes.cpp">
      <Filter>UnManagedToManaged</Filter>
    </ClCompile>
    <ClCompile Include="Stdafx.cpp">
      <Filter>Utilities</Filter>
    </ClCompile>
    <ClCompile Include="CallbackHost.cpp">
      <Filter>ManagedToUnManaged</Filter>
    </ClCompile>
    <ClCompile Include="ManagedInvoke.cpp">
      <Filter>ManagedToUnManaged</Filter>
    </ClCompile>
  </ItemGroup>
  <ItemGroup>
    <ResourceCompile Include="app.rc">
      <Filter>Resource Files</Filter>
    </ResourceCompile>
  </ItemGroup>
  <ItemGroup>
    <Image Include="app.ico">
      <Filter>Resource Files</Filter>
    </Image>
  </ItemGroup>
</Project>