<?xml version="1.0" encoding="utf-8"?>
<Project ToolsVersion="4.0" xmlns="http://schemas.microsoft.com/developer/msbuild/2003">
  <ItemGroup>
    <Filter Include="Source Files">
      <UniqueIdentifier>{4FC737F1-C7A5-4376-A066-2A32D752A2FF}</UniqueIdentifier>
      <Extensions>cpp;c;cc;cxx;def;odl;idl;hpj;bat;asm;asmx</Extensions>
    </Filter>
    <Filter Include="Header Files">
      <UniqueIdentifier>{93995380-89BD-4b04-88EB-625FBE52EBFB}</UniqueIdentifier>
      <Extensions>h;hpp;hxx;hm;inl;inc;xsd</Extensions>
    </Filter>
    <Filter Include="Resource Files">
      <UniqueIdentifier>{67DA6AB6-F800-4c08-8B7A-83BB121AAD01}</UniqueIdentifier>
      <Extensions>rc;ico;cur;bmp;dlg;rc2;rct;bin;rgs;gif;jpg;jpeg;jpe;resx;tiff;tif;png;wav;mfcribbon-ms</Extensions>
    </Filter>
    <Filter Include="Header Files\Rendering">
      <UniqueIdentifier>{b9376a6e-8427-4192-b392-36cfc6aca848}</UniqueIdentifier>
    </Filter>
    <Filter Include="Source Files\Rendering">
      <UniqueIdentifier>{2cc2fb67-e989-4d0e-b55d-08a87f6a7258}</UniqueIdentifier>
    </Filter>
    <Filter Include="Header Files\Rendering\Shaders">
      <UniqueIdentifier>{47926ded-cadd-401f-ac9c-6c8d4dac14e5}</UniqueIdentifier>
    </Filter>
    <Filter Include="Source Files\Rendering\Shaders">
      <UniqueIdentifier>{f942a5ee-2a9c-4e13-b0bf-6179a20866be}</UniqueIdentifier>
    </Filter>
    <Filter Include="Source Files\World">
      <UniqueIdentifier>{902618a9-2518-4a6a-8fbb-36802b85dca7}</UniqueIdentifier>
    </Filter>
    <Filter Include="Source Files\World\SceneGraph">
      <UniqueIdentifier>{6b750d10-352f-412a-889e-aee0f0e3bc12}</UniqueIdentifier>
    </Filter>
    <Filter Include="Header Files\World">
      <UniqueIdentifier>{d977fb12-af29-4996-9686-5cfe31377cbf}</UniqueIdentifier>
    </Filter>
    <Filter Include="Header Files\World\SceneGraph">
      <UniqueIdentifier>{98a11110-8ba2-476f-81ca-9f915e11b614}</UniqueIdentifier>
    </Filter>
    <Filter Include="Header Files\Voxel">
      <UniqueIdentifier>{14c71ef0-f88e-4352-8ae2-a6a27ca63b87}</UniqueIdentifier>
    </Filter>
    <Filter Include="Source Files\Voxel">
      <UniqueIdentifier>{3d7ef14b-b679-42df-8647-84c0bac37c8f}</UniqueIdentifier>
    </Filter>
  </ItemGroup>
  <ItemGroup>
    <ClCompile Include="main.cpp">
      <Filter>Source Files</Filter>
    </ClCompile>
    <ClCompile Include="Shader.cpp">
      <Filter>Source Files\Rendering\Shaders</Filter>
    </ClCompile>
    <ClCompile Include="SimplexNoise.cpp">
      <Filter>Source Files\Voxel</Filter>
    </ClCompile>
    <ClCompile Include="VCComponent.cpp">
      <Filter>Source Files\World\SceneGraph</Filter>
    </ClCompile>
    <ClCompile Include="VCVoxelShader.cpp">
      <Filter>Source Files\Rendering\Shaders</Filter>
    </ClCompile>
    <ClCompile Include="VCGLRenderer.cpp">
      <Filter>Source Files\Rendering</Filter>
    </ClCompile>
    <ClCompile Include="VCChunk.cpp">
      <Filter>Source Files\Voxel</Filter>
    </ClCompile>
    <ClCompile Include="VCChunkGenerator.cpp">
      <Filter>Source Files\Voxel</Filter>
    </ClCompile>
    <ClCompile Include="VCCamera.cpp">
      <Filter>Source Files\World\SceneGraph</Filter>
    </ClCompile>
    <ClCompile Include="VCGameObject.cpp">
      <Filter>Source Files\World\SceneGraph</Filter>
    </ClCompile>
    <ClCompile Include="VCApplication.cpp">
      <Filter>Source Files</Filter>
    </ClCompile>
    <ClCompile Include="VCTime.cpp">
      <Filter>Source Files</Filter>
    </ClCompile>
    <ClCompile Include="VCBlock.cpp">
      <Filter>Source Files\Voxel</Filter>
    </ClCompile>
    <ClCompile Include="VCWorld.cpp">
      <Filter>Source Files\Voxel</Filter>
    </ClCompile>
    <ClCompile Include="TestClass.cpp">
      <Filter>Source Files</Filter>
    </ClCompile>
    <ClCompile Include="VCTransform.cpp">
      <Filter>Source Files\World</Filter>
    </ClCompile>
    <ClCompile Include="VCTestApplication.cpp">
      <Filter>Source Files</Filter>
    </ClCompile>
    <ClCompile Include="VCTestShader.cpp">
      <Filter>Source Files</Filter>
    </ClCompile>
  </ItemGroup>
  <ItemGroup>
    <ClInclude Include="Shader.h">
      <Filter>Header Files\Rendering\Shaders</Filter>
    </ClInclude>
    <ClInclude Include="PCH.h">
      <Filter>Header Files</Filter>
    </ClInclude>
    <ClInclude Include="SimplexNoise.h">
      <Filter>Header Files\Voxel</Filter>
    </ClInclude>
    <ClInclude Include="VCComponent.h">
      <Filter>Header Files\World\SceneGraph</Filter>
    </ClInclude>
    <ClInclude Include="VCVoxelShader.h">
      <Filter>Header Files\Rendering\Shaders</Filter>
    </ClInclude>
    <ClInclude Include="VCGLRenderer.h">
      <Filter>Header Files\Rendering</Filter>
    </ClInclude>
    <ClInclude Include="VCChunk.h">
      <Filter>Header Files\Voxel</Filter>
    </ClInclude>
    <ClInclude Include="VCChunkGenerator.h">
      <Filter>Header Files\Voxel</Filter>
    </ClInclude>
    <ClInclude Include="VCCamera.h">
      <Filter>Header Files\World\SceneGraph</Filter>
    </ClInclude>
    <ClInclude Include="VCGameObject.h">
      <Filter>Header Files\World\SceneGraph</Filter>
    </ClInclude>
    <ClInclude Include="VCApplication.h">
      <Filter>Header Files</Filter>
    </ClInclude>
    <ClInclude Include="VCTime.h">
      <Filter>Header Files</Filter>
    </ClInclude>
    <ClInclude Include="VCBlock.h">
      <Filter>Header Files\Voxel</Filter>
    </ClInclude>
    <ClInclude Include="VCWorld.h">
      <Filter>Header Files\Voxel</Filter>
    </ClInclude>
    <ClInclude Include="TestClass.h">
      <Filter>Header Files</Filter>
    </ClInclude>
    <ClInclude Include="VCTransform.h">
      <Filter>Header Files\World</Filter>
    </ClInclude>
    <ClInclude Include="VCTypes.h">
      <Filter>Header Files</Filter>
    </ClInclude>
    <ClInclude Include="VCTestApplication.h">
      <Filter>Header Files</Filter>
    </ClInclude>
    <ClInclude Include="VCTestShader.h">
      <Filter>Header Files</Filter>
    </ClInclude>
  </ItemGroup>
</Project>