// !$*UTF8*$!
{
	archiveVersion = 1;
	classes = {
	};
	objectVersion = 46;
	objects = {

/* Begin PBXContainerItemProxy section */
		701AD45D17D3AE4E00EC8E93 /* PBXContainerItemProxy */ = {
			isa = PBXContainerItemProxy;
			containerPortal = 70C7167317D3AAD200999526 /* Engine.xcodeproj */;
			proxyType = 2;
			remoteGlobalIDString = 70867A1A178912FB000EE162;
			remoteInfo = Engine;
		};
		701AD46317D3AE5E00EC8E93 /* PBXContainerItemProxy */ = {
			isa = PBXContainerItemProxy;
			containerPortal = 701AD45F17D3AE5E00EC8E93 /* Editor.xcodeproj */;
			proxyType = 2;
			remoteGlobalIDString = 70C7168217D3AB4800999526;
			remoteInfo = Editor;
		};
		701AD50817D3BC8A00EC8E93 /* PBXContainerItemProxy */ = {
			isa = PBXContainerItemProxy;
			containerPortal = 70C7167317D3AAD200999526 /* Engine.xcodeproj */;
			proxyType = 2;
			remoteGlobalIDString = 701AD4EC17D3BC0000EC8E93;
			remoteInfo = "Engine Library";
		};
/* End PBXContainerItemProxy section */

/* Begin PBXFileReference section */
		701AD45F17D3AE5E00EC8E93 /* Editor.xcodeproj */ = {isa = PBXFileReference; lastKnownFileType = "wrapper.pb-project"; name = Editor.xcodeproj; path = ../Editor/Editor.xcodeproj; sourceTree = "<group>"; };
		70C7167317D3AAD200999526 /* Engine.xcodeproj */ = {isa = PBXFileReference; lastKnownFileType = "wrapper.pb-project"; name = Engine.xcodeproj; path = ../Engine/Engine.xcodeproj; sourceTree = "<group>"; };
/* End PBXFileReference section */

/* Begin PBXGroup section */
		701AD45A17D3AE4E00EC8E93 /* Products */ = {
			isa = PBXGroup;
			children = (
				701AD45E17D3AE4E00EC8E93 /* Engine */,
				701AD50917D3BC8A00EC8E93 /* libEngine Library.dylib */,
			);
			name = Products;
			sourceTree = "<group>";
		};
		701AD46017D3AE5E00EC8E93 /* Products */ = {
			isa = PBXGroup;
			children = (
				701AD46417D3AE5E00EC8E93 /* Editor.app */,
			);
			name = Products;
			sourceTree = "<group>";
		};
		701AD4DE17D3BBC200EC8E93 /* Products */ = {
			isa = PBXGroup;
			children = (
			);
			name = Products;
			sourceTree = "<group>";
		};
		70C7166C17D3AABA00999526 = {
			isa = PBXGroup;
			children = (
				701AD45F17D3AE5E00EC8E93 /* Editor.xcodeproj */,
				70C7167317D3AAD200999526 /* Engine.xcodeproj */,
				701AD4DE17D3BBC200EC8E93 /* Products */,
			);
			sourceTree = "<group>";
		};
/* End PBXGroup section */

/* Begin PBXProject section */
		70C7166D17D3AABA00999526 /* Project object */ = {
			isa = PBXProject;
			attributes = {
				LastUpgradeCheck = 0460;
			};
			buildConfigurationList = 70C7167017D3AABA00999526 /* Build configuration list for PBXProject "VoxelCraftOSX" */;
			compatibilityVersion = "Xcode 3.2";
			developmentRegion = English;
			hasScannedForEncodings = 0;
			knownRegions = (
				en,
			);
			mainGroup = 70C7166C17D3AABA00999526;
			productRefGroup = 701AD4DE17D3BBC200EC8E93 /* Products */;
			projectDirPath = "";
			projectReferences = (
				{
					ProductGroup = 701AD46017D3AE5E00EC8E93 /* Products */;
					ProjectRef = 701AD45F17D3AE5E00EC8E93 /* Editor.xcodeproj */;
				},
				{
					ProductGroup = 701AD45A17D3AE4E00EC8E93 /* Products */;
					ProjectRef = 70C7167317D3AAD200999526 /* Engine.xcodeproj */;
				},
			);
			projectRoot = "";
			targets = (
			);
		};
/* End PBXProject section */

/* Begin PBXReferenceProxy section */
		701AD45E17D3AE4E00EC8E93 /* Engine */ = {
			isa = PBXReferenceProxy;
			fileType = "compiled.mach-o.executable";
			path = Engine;
			remoteRef = 701AD45D17D3AE4E00EC8E93 /* PBXContainerItemProxy */;
			sourceTree = BUILT_PRODUCTS_DIR;
		};
		701AD46417D3AE5E00EC8E93 /* Editor.app */ = {
			isa = PBXReferenceProxy;
			fileType = wrapper.application;
			path = Editor.app;
			remoteRef = 701AD46317D3AE5E00EC8E93 /* PBXContainerItemProxy */;
			sourceTree = BUILT_PRODUCTS_DIR;
		};
		701AD50917D3BC8A00EC8E93 /* libEngine Library.dylib */ = {
			isa = PBXReferenceProxy;
			fileType = "compiled.mach-o.dylib";
			path = "libEngine Library.dylib";
			remoteRef = 701AD50817D3BC8A00EC8E93 /* PBXContainerItemProxy */;
			sourceTree = BUILT_PRODUCTS_DIR;
		};
/* End PBXReferenceProxy section */

/* Begin XCBuildConfiguration section */
		70C7167117D3AABA00999526 /* Debug */ = {
			isa = XCBuildConfiguration;
			buildSettings = {
			};
			name = Debug;
		};
		70C7167217D3AABA00999526 /* Release */ = {
			isa = XCBuildConfiguration;
			buildSettings = {
			};
			name = Release;
		};
/* End XCBuildConfiguration section */

/* Begin XCConfigurationList section */
		70C7167017D3AABA00999526 /* Build configuration list for PBXProject "VoxelCraftOSX" */ = {
			isa = XCConfigurationList;
			buildConfigurations = (
				70C7167117D3AABA00999526 /* Debug */,
				70C7167217D3AABA00999526 /* Release */,
			);
			defaultConfigurationIsVisible = 0;
			defaultConfigurationName = Release;
		};
/* End XCConfigurationList section */
	};
	rootObject = 70C7166D17D3AABA00999526 /* Project object */;
}
